// !$*UTF8*$!
{
	archiveVersion = 1;
	classes = {
	};
	objectVersion = 46;
	objects = {

/* Begin PBXBuildFile section */
		2E2AA33D1A4A5E0C006DC980 /* HomeViewController.m in Sources */ = {isa = PBXBuildFile; fileRef = 2E2AA33C1A4A5E0C006DC980 /* HomeViewController.m */; };
		2E2AA3401A4A5E29006DC980 /* ProfileTableViewController.m in Sources */ = {isa = PBXBuildFile; fileRef = 2E2AA33F1A4A5E29006DC980 /* ProfileTableViewController.m */; };
		2E2AA3441A4A6194006DC980 /* locationIcon.png in Resources */ = {isa = PBXBuildFile; fileRef = 2E2AA3411A4A6194006DC980 /* locationIcon.png */; };
		2E2AA3451A4A6194006DC980 /* locationIcon@2x.png in Resources */ = {isa = PBXBuildFile; fileRef = 2E2AA3421A4A6194006DC980 /* locationIcon@2x.png */; };
		2E2AA3461A4A6194006DC980 /* locationIcon@3x.png in Resources */ = {isa = PBXBuildFile; fileRef = 2E2AA3431A4A6194006DC980 /* locationIcon@3x.png */; };
		2E2AA34B1A4A67BC006DC980 /* profileIcon.png in Resources */ = {isa = PBXBuildFile; fileRef = 2E2AA3481A4A67BC006DC980 /* profileIcon.png */; };
		2E2AA34C1A4A67BC006DC980 /* profileIcon@2x.png in Resources */ = {isa = PBXBuildFile; fileRef = 2E2AA3491A4A67BC006DC980 /* profileIcon@2x.png */; };
		2E2AA34D1A4A67BC006DC980 /* profileIcon@3x.png in Resources */ = {isa = PBXBuildFile; fileRef = 2E2AA34A1A4A67BC006DC980 /* profileIcon@3x.png */; };
		2E2AA3501A4A6A4E006DC980 /* LocationView.m in Sources */ = {isa = PBXBuildFile; fileRef = 2E2AA34F1A4A6A4E006DC980 /* LocationView.m */; };
		2E2AA3541A4A7698006DC980 /* locationHighlightedIcon.png in Resources */ = {isa = PBXBuildFile; fileRef = 2E2AA3511A4A7698006DC980 /* locationHighlightedIcon.png */; };
		2E2AA3551A4A7698006DC980 /* locationHighlightedIcon@2x.png in Resources */ = {isa = PBXBuildFile; fileRef = 2E2AA3521A4A7698006DC980 /* locationHighlightedIcon@2x.png */; };
		2E2AA3561A4A7698006DC980 /* locationHighlightedIcon@3x.png in Resources */ = {isa = PBXBuildFile; fileRef = 2E2AA3531A4A7698006DC980 /* locationHighlightedIcon@3x.png */; };
		2E2AA3801A4A8760006DC980 /* brothers.png in Resources */ = {isa = PBXBuildFile; fileRef = 2E2AA3681A4A8760006DC980 /* brothers.png */; };
		2E2AA3811A4A8760006DC980 /* brothers@2x.png in Resources */ = {isa = PBXBuildFile; fileRef = 2E2AA3691A4A8760006DC980 /* brothers@2x.png */; };
		2E2AA3821A4A8760006DC980 /* brothers@3x.png in Resources */ = {isa = PBXBuildFile; fileRef = 2E2AA36A1A4A8760006DC980 /* brothers@3x.png */; };
		2E2AA3831A4A8760006DC980 /* clybourne.png in Resources */ = {isa = PBXBuildFile; fileRef = 2E2AA36B1A4A8760006DC980 /* clybourne.png */; };
		2E2AA3841A4A8760006DC980 /* clybourne@2x.png in Resources */ = {isa = PBXBuildFile; fileRef = 2E2AA36C1A4A8760006DC980 /* clybourne@2x.png */; };
		2E2AA3851A4A8760006DC980 /* clybourne@3x.png in Resources */ = {isa = PBXBuildFile; fileRef = 2E2AA36D1A4A8760006DC980 /* clybourne@3x.png */; };
		2E2AA3861A4A8760006DC980 /* firehaus.png in Resources */ = {isa = PBXBuildFile; fileRef = 2E2AA36E1A4A8760006DC980 /* firehaus.png */; };
		2E2AA3871A4A8760006DC980 /* firehaus@2x.png in Resources */ = {isa = PBXBuildFile; fileRef = 2E2AA36F1A4A8760006DC980 /* firehaus@2x.png */; };
		2E2AA3881A4A8760006DC980 /* firehaus@3x.png in Resources */ = {isa = PBXBuildFile; fileRef = 2E2AA3701A4A8760006DC980 /* firehaus@3x.png */; };
		2E2AA3891A4A8760006DC980 /* joes.png in Resources */ = {isa = PBXBuildFile; fileRef = 2E2AA3711A4A8760006DC980 /* joes.png */; };
		2E2AA38A1A4A8760006DC980 /* joes@2x.png in Resources */ = {isa = PBXBuildFile; fileRef = 2E2AA3721A4A8760006DC980 /* joes@2x.png */; };
		2E2AA38B1A4A8760006DC980 /* joes@3x.png in Resources */ = {isa = PBXBuildFile; fileRef = 2E2AA3731A4A8760006DC980 /* joes@3x.png */; };
		2E2AA38C1A4A8760006DC980 /* legends.png in Resources */ = {isa = PBXBuildFile; fileRef = 2E2AA3741A4A8760006DC980 /* legends.png */; };
		2E2AA38D1A4A8760006DC980 /* legends@2x.png in Resources */ = {isa = PBXBuildFile; fileRef = 2E2AA3751A4A8760006DC980 /* legends@2x.png */; };
		2E2AA38E1A4A8760006DC980 /* legends@3x.png in Resources */ = {isa = PBXBuildFile; fileRef = 2E2AA3761A4A8760006DC980 /* legends@3x.png */; };
		2E2AA38F1A4A8760006DC980 /* murphys.png in Resources */ = {isa = PBXBuildFile; fileRef = 2E2AA3771A4A8760006DC980 /* murphys.png */; };
		2E2AA3901A4A8760006DC980 /* murphys@2x.png in Resources */ = {isa = PBXBuildFile; fileRef = 2E2AA3781A4A8760006DC980 /* murphys@2x.png */; };
		2E2AA3911A4A8760006DC980 /* murphys@3x.png in Resources */ = {isa = PBXBuildFile; fileRef = 2E2AA3791A4A8760006DC980 /* murphys@3x.png */; };
		2E2AA3921A4A8760006DC980 /* redlion.png in Resources */ = {isa = PBXBuildFile; fileRef = 2E2AA37A1A4A8760006DC980 /* redlion.png */; };
		2E2AA3931A4A8760006DC980 /* redlion@2x.png in Resources */ = {isa = PBXBuildFile; fileRef = 2E2AA37B1A4A8760006DC980 /* redlion@2x.png */; };
		2E2AA3941A4A8760006DC980 /* redlion@3x.png in Resources */ = {isa = PBXBuildFile; fileRef = 2E2AA37C1A4A8760006DC980 /* redlion@3x.png */; };
		2E2AA3951A4A8760006DC980 /* whitehorse.png in Resources */ = {isa = PBXBuildFile; fileRef = 2E2AA37D1A4A8760006DC980 /* whitehorse.png */; };
		2E2AA3961A4A8760006DC980 /* whitehorse@2x.png in Resources */ = {isa = PBXBuildFile; fileRef = 2E2AA37E1A4A8760006DC980 /* whitehorse@2x.png */; };
		2E2AA3971A4A8760006DC980 /* whitehorse@3x.png in Resources */ = {isa = PBXBuildFile; fileRef = 2E2AA37F1A4A8760006DC980 /* whitehorse@3x.png */; };
		2E2AA39A1A4A8B2F006DC980 /* BarTableViewCell.m in Sources */ = {isa = PBXBuildFile; fileRef = 2E2AA3991A4A8B2F006DC980 /* BarTableViewCell.m */; };
		2E2AA39F1A4A8CEA006DC980 /* ProgressBar.m in Sources */ = {isa = PBXBuildFile; fileRef = 2E2AA39E1A4A8CEA006DC980 /* ProgressBar.m */; };
		2E4F66191A50F610008000E0 /* FriendBarView.m in Sources */ = {isa = PBXBuildFile; fileRef = 2E4F66181A50F610008000E0 /* FriendBarView.m */; };
		2EF407341A4A1287009C8BC6 /* main.m in Sources */ = {isa = PBXBuildFile; fileRef = 2EF407331A4A1287009C8BC6 /* main.m */; };
		2EF407371A4A1287009C8BC6 /* AppDelegate.m in Sources */ = {isa = PBXBuildFile; fileRef = 2EF407361A4A1287009C8BC6 /* AppDelegate.m */; };
		2EF4073A1A4A1287009C8BC6 /* On_Tap.xcdatamodeld in Sources */ = {isa = PBXBuildFile; fileRef = 2EF407381A4A1287009C8BC6 /* On_Tap.xcdatamodeld */; };
		2EF407401A4A1287009C8BC6 /* Main.storyboard in Resources */ = {isa = PBXBuildFile; fileRef = 2EF4073E1A4A1287009C8BC6 /* Main.storyboard */; };
		2EF407421A4A1287009C8BC6 /* Images.xcassets in Resources */ = {isa = PBXBuildFile; fileRef = 2EF407411A4A1287009C8BC6 /* Images.xcassets */; };
		2EF407451A4A1287009C8BC6 /* LaunchScreen.xib in Resources */ = {isa = PBXBuildFile; fileRef = 2EF407431A4A1287009C8BC6 /* LaunchScreen.xib */; };
		2EF407511A4A1287009C8BC6 /* On_TapTests.m in Sources */ = {isa = PBXBuildFile; fileRef = 2EF407501A4A1287009C8BC6 /* On_TapTests.m */; };
		2EF407601A4A131C009C8BC6 /* Bolts.framework in Frameworks */ = {isa = PBXBuildFile; fileRef = 2EF4075A1A4A131C009C8BC6 /* Bolts.framework */; };
		2EF407611A4A131C009C8BC6 /* FacebookSDK.framework in Frameworks */ = {isa = PBXBuildFile; fileRef = 2EF4075B1A4A131C009C8BC6 /* FacebookSDK.framework */; };
		2EF407621A4A131C009C8BC6 /* Parse.framework in Frameworks */ = {isa = PBXBuildFile; fileRef = 2EF4075C1A4A131C009C8BC6 /* Parse.framework */; };
		2EF407631A4A131C009C8BC6 /* ParseCrashReporting.framework in Frameworks */ = {isa = PBXBuildFile; fileRef = 2EF4075D1A4A131C009C8BC6 /* ParseCrashReporting.framework */; };
		2EF407641A4A131C009C8BC6 /* ParseFacebookUtils.framework in Frameworks */ = {isa = PBXBuildFile; fileRef = 2EF4075E1A4A131C009C8BC6 /* ParseFacebookUtils.framework */; };
		2EF407651A4A131C009C8BC6 /* ParseUI.framework in Frameworks */ = {isa = PBXBuildFile; fileRef = 2EF4075F1A4A131C009C8BC6 /* ParseUI.framework */; };
		2EF407691A4A172A009C8BC6 /* LoginViewController.m in Sources */ = {isa = PBXBuildFile; fileRef = 2EF407681A4A172A009C8BC6 /* LoginViewController.m */; };
		2EF4076B1A4A1776009C8BC6 /* StoreKit.framework in Frameworks */ = {isa = PBXBuildFile; fileRef = 2EF4076A1A4A1776009C8BC6 /* StoreKit.framework */; };
		2EF4076D1A4A1781009C8BC6 /* CoreLocation.framework in Frameworks */ = {isa = PBXBuildFile; fileRef = 2EF4076C1A4A1781009C8BC6 /* CoreLocation.framework */; };
		2EF4076F1A4A17AF009C8BC6 /* libz.dylib in Frameworks */ = {isa = PBXBuildFile; fileRef = 2EF4076E1A4A17AF009C8BC6 /* libz.dylib */; };
		2EF407711A4A17B8009C8BC6 /* AudioToolbox.framework in Frameworks */ = {isa = PBXBuildFile; fileRef = 2EF407701A4A17B8009C8BC6 /* AudioToolbox.framework */; };
		2EF407731A4A17BE009C8BC6 /* CFNetwork.framework in Frameworks */ = {isa = PBXBuildFile; fileRef = 2EF407721A4A17BE009C8BC6 /* CFNetwork.framework */; };
		2EF407751A4A17C9009C8BC6 /* MobileCoreServices.framework in Frameworks */ = {isa = PBXBuildFile; fileRef = 2EF407741A4A17C9009C8BC6 /* MobileCoreServices.framework */; };
		2EF407771A4A17D2009C8BC6 /* QuartzCore.framework in Frameworks */ = {isa = PBXBuildFile; fileRef = 2EF407761A4A17D2009C8BC6 /* QuartzCore.framework */; };
		2EF407791A4A17D8009C8BC6 /* Security.framework in Frameworks */ = {isa = PBXBuildFile; fileRef = 2EF407781A4A17D8009C8BC6 /* Security.framework */; };
		2EF4077B1A4A17E2009C8BC6 /* SystemConfiguration.framework in Frameworks */ = {isa = PBXBuildFile; fileRef = 2EF4077A1A4A17E2009C8BC6 /* SystemConfiguration.framework */; };
		2EF4077D1A4A18B0009C8BC6 /* libsqlite3.dylib in Frameworks */ = {isa = PBXBuildFile; fileRef = 2EF4077C1A4A18B0009C8BC6 /* libsqlite3.dylib */; };
		2EF407801A4A30A1009C8BC6 /* OTConstants.m in Sources */ = {isa = PBXBuildFile; fileRef = 2EF4077F1A4A30A1009C8BC6 /* OTConstants.m */; };
		2EF407831A4A35DC009C8BC6 /* WhyFacebookTableViewController.m in Sources */ = {isa = PBXBuildFile; fileRef = 2EF407821A4A35DC009C8BC6 /* WhyFacebookTableViewController.m */; };
/* End PBXBuildFile section */

/* Begin PBXContainerItemProxy section */
		2EF4074B1A4A1287009C8BC6 /* PBXContainerItemProxy */ = {
			isa = PBXContainerItemProxy;
			containerPortal = 2EF407261A4A1287009C8BC6 /* Project object */;
			proxyType = 1;
			remoteGlobalIDString = 2EF4072D1A4A1287009C8BC6;
			remoteInfo = "On Tap";
		};
/* End PBXContainerItemProxy section */

/* Begin PBXFileReference section */
		2E2AA33B1A4A5E0C006DC980 /* HomeViewController.h */ = {isa = PBXFileReference; fileEncoding = 4; lastKnownFileType = sourcecode.c.h; path = HomeViewController.h; sourceTree = "<group>"; };
		2E2AA33C1A4A5E0C006DC980 /* HomeViewController.m */ = {isa = PBXFileReference; fileEncoding = 4; lastKnownFileType = sourcecode.c.objc; path = HomeViewController.m; sourceTree = "<group>"; };
		2E2AA33E1A4A5E29006DC980 /* ProfileTableViewController.h */ = {isa = PBXFileReference; fileEncoding = 4; lastKnownFileType = sourcecode.c.h; path = ProfileTableViewController.h; sourceTree = "<group>"; };
		2E2AA33F1A4A5E29006DC980 /* ProfileTableViewController.m */ = {isa = PBXFileReference; fileEncoding = 4; lastKnownFileType = sourcecode.c.objc; path = ProfileTableViewController.m; sourceTree = "<group>"; };
		2E2AA3411A4A6194006DC980 /* locationIcon.png */ = {isa = PBXFileReference; lastKnownFileType = image.png; name = locationIcon.png; path = ../images/locationIcon.png; sourceTree = "<group>"; };
		2E2AA3421A4A6194006DC980 /* locationIcon@2x.png */ = {isa = PBXFileReference; lastKnownFileType = image.png; name = "locationIcon@2x.png"; path = "../images/locationIcon@2x.png"; sourceTree = "<group>"; };
		2E2AA3431A4A6194006DC980 /* locationIcon@3x.png */ = {isa = PBXFileReference; lastKnownFileType = image.png; name = "locationIcon@3x.png"; path = "../images/locationIcon@3x.png"; sourceTree = "<group>"; };
		2E2AA3481A4A67BC006DC980 /* profileIcon.png */ = {isa = PBXFileReference; lastKnownFileType = image.png; name = profileIcon.png; path = ../images/profileIcon.png; sourceTree = "<group>"; };
		2E2AA3491A4A67BC006DC980 /* profileIcon@2x.png */ = {isa = PBXFileReference; lastKnownFileType = image.png; name = "profileIcon@2x.png"; path = "../images/profileIcon@2x.png"; sourceTree = "<group>"; };
		2E2AA34A1A4A67BC006DC980 /* profileIcon@3x.png */ = {isa = PBXFileReference; lastKnownFileType = image.png; name = "profileIcon@3x.png"; path = "../images/profileIcon@3x.png"; sourceTree = "<group>"; };
		2E2AA34E1A4A6A4E006DC980 /* LocationView.h */ = {isa = PBXFileReference; fileEncoding = 4; lastKnownFileType = sourcecode.c.h; path = LocationView.h; sourceTree = "<group>"; };
		2E2AA34F1A4A6A4E006DC980 /* LocationView.m */ = {isa = PBXFileReference; fileEncoding = 4; lastKnownFileType = sourcecode.c.objc; path = LocationView.m; sourceTree = "<group>"; };
		2E2AA3511A4A7698006DC980 /* locationHighlightedIcon.png */ = {isa = PBXFileReference; lastKnownFileType = image.png; name = locationHighlightedIcon.png; path = ../images/locationHighlightedIcon.png; sourceTree = "<group>"; };
		2E2AA3521A4A7698006DC980 /* locationHighlightedIcon@2x.png */ = {isa = PBXFileReference; lastKnownFileType = image.png; name = "locationHighlightedIcon@2x.png"; path = "../images/locationHighlightedIcon@2x.png"; sourceTree = "<group>"; };
		2E2AA3531A4A7698006DC980 /* locationHighlightedIcon@3x.png */ = {isa = PBXFileReference; lastKnownFileType = image.png; name = "locationHighlightedIcon@3x.png"; path = "../images/locationHighlightedIcon@3x.png"; sourceTree = "<group>"; };
		2E2AA3681A4A8760006DC980 /* brothers.png */ = {isa = PBXFileReference; lastKnownFileType = image.png; name = brothers.png; path = ../images/bars/brothers.png; sourceTree = "<group>"; };
		2E2AA3691A4A8760006DC980 /* brothers@2x.png */ = {isa = PBXFileReference; lastKnownFileType = image.png; name = "brothers@2x.png"; path = "../images/bars/brothers@2x.png"; sourceTree = "<group>"; };
		2E2AA36A1A4A8760006DC980 /* brothers@3x.png */ = {isa = PBXFileReference; lastKnownFileType = image.png; name = "brothers@3x.png"; path = "../images/bars/brothers@3x.png"; sourceTree = "<group>"; };
		2E2AA36B1A4A8760006DC980 /* clybourne.png */ = {isa = PBXFileReference; lastKnownFileType = image.png; name = clybourne.png; path = ../images/bars/clybourne.png; sourceTree = "<group>"; };
		2E2AA36C1A4A8760006DC980 /* clybourne@2x.png */ = {isa = PBXFileReference; lastKnownFileType = image.png; name = "clybourne@2x.png"; path = "../images/bars/clybourne@2x.png"; sourceTree = "<group>"; };
		2E2AA36D1A4A8760006DC980 /* clybourne@3x.png */ = {isa = PBXFileReference; lastKnownFileType = image.png; name = "clybourne@3x.png"; path = "../images/bars/clybourne@3x.png"; sourceTree = "<group>"; };
		2E2AA36E1A4A8760006DC980 /* firehaus.png */ = {isa = PBXFileReference; lastKnownFileType = image.png; name = firehaus.png; path = ../images/bars/firehaus.png; sourceTree = "<group>"; };
		2E2AA36F1A4A8760006DC980 /* firehaus@2x.png */ = {isa = PBXFileReference; lastKnownFileType = image.png; name = "firehaus@2x.png"; path = "../images/bars/firehaus@2x.png"; sourceTree = "<group>"; };
		2E2AA3701A4A8760006DC980 /* firehaus@3x.png */ = {isa = PBXFileReference; lastKnownFileType = image.png; name = "firehaus@3x.png"; path = "../images/bars/firehaus@3x.png"; sourceTree = "<group>"; };
		2E2AA3711A4A8760006DC980 /* joes.png */ = {isa = PBXFileReference; lastKnownFileType = image.png; name = joes.png; path = ../images/bars/joes.png; sourceTree = "<group>"; };
		2E2AA3721A4A8760006DC980 /* joes@2x.png */ = {isa = PBXFileReference; lastKnownFileType = image.png; name = "joes@2x.png"; path = "../images/bars/joes@2x.png"; sourceTree = "<group>"; };
		2E2AA3731A4A8760006DC980 /* joes@3x.png */ = {isa = PBXFileReference; lastKnownFileType = image.png; name = "joes@3x.png"; path = "../images/bars/joes@3x.png"; sourceTree = "<group>"; };
		2E2AA3741A4A8760006DC980 /* legends.png */ = {isa = PBXFileReference; lastKnownFileType = image.png; name = legends.png; path = ../images/bars/legends.png; sourceTree = "<group>"; };
		2E2AA3751A4A8760006DC980 /* legends@2x.png */ = {isa = PBXFileReference; lastKnownFileType = image.png; name = "legends@2x.png"; path = "../images/bars/legends@2x.png"; sourceTree = "<group>"; };
		2E2AA3761A4A8760006DC980 /* legends@3x.png */ = {isa = PBXFileReference; lastKnownFileType = image.png; name = "legends@3x.png"; path = "../images/bars/legends@3x.png"; sourceTree = "<group>"; };
		2E2AA3771A4A8760006DC980 /* murphys.png */ = {isa = PBXFileReference; lastKnownFileType = image.png; name = murphys.png; path = ../images/bars/murphys.png; sourceTree = "<group>"; };
		2E2AA3781A4A8760006DC980 /* murphys@2x.png */ = {isa = PBXFileReference; lastKnownFileType = image.png; name = "murphys@2x.png"; path = "../images/bars/murphys@2x.png"; sourceTree = "<group>"; };
		2E2AA3791A4A8760006DC980 /* murphys@3x.png */ = {isa = PBXFileReference; lastKnownFileType = image.png; name = "murphys@3x.png"; path = "../images/bars/murphys@3x.png"; sourceTree = "<group>"; };
		2E2AA37A1A4A8760006DC980 /* redlion.png */ = {isa = PBXFileReference; lastKnownFileType = image.png; name = redlion.png; path = ../images/bars/redlion.png; sourceTree = "<group>"; };
		2E2AA37B1A4A8760006DC980 /* redlion@2x.png */ = {isa = PBXFileReference; lastKnownFileType = image.png; name = "redlion@2x.png"; path = "../images/bars/redlion@2x.png"; sourceTree = "<group>"; };
		2E2AA37C1A4A8760006DC980 /* redlion@3x.png */ = {isa = PBXFileReference; lastKnownFileType = image.png; name = "redlion@3x.png"; path = "../images/bars/redlion@3x.png"; sourceTree = "<group>"; };
		2E2AA37D1A4A8760006DC980 /* whitehorse.png */ = {isa = PBXFileReference; lastKnownFileType = image.png; name = whitehorse.png; path = ../images/bars/whitehorse.png; sourceTree = "<group>"; };
		2E2AA37E1A4A8760006DC980 /* whitehorse@2x.png */ = {isa = PBXFileReference; lastKnownFileType = image.png; name = "whitehorse@2x.png"; path = "../images/bars/whitehorse@2x.png"; sourceTree = "<group>"; };
		2E2AA37F1A4A8760006DC980 /* whitehorse@3x.png */ = {isa = PBXFileReference; lastKnownFileType = image.png; name = "whitehorse@3x.png"; path = "../images/bars/whitehorse@3x.png"; sourceTree = "<group>"; };
		2E2AA3981A4A8B2F006DC980 /* BarTableViewCell.h */ = {isa = PBXFileReference; fileEncoding = 4; lastKnownFileType = sourcecode.c.h; path = BarTableViewCell.h; sourceTree = "<group>"; };
		2E2AA3991A4A8B2F006DC980 /* BarTableViewCell.m */ = {isa = PBXFileReference; fileEncoding = 4; lastKnownFileType = sourcecode.c.objc; path = BarTableViewCell.m; sourceTree = "<group>"; };
		2E2AA39D1A4A8CEA006DC980 /* ProgressBar.h */ = {isa = PBXFileReference; fileEncoding = 4; lastKnownFileType = sourcecode.c.h; path = ProgressBar.h; sourceTree = "<group>"; };
		2E2AA39E1A4A8CEA006DC980 /* ProgressBar.m */ = {isa = PBXFileReference; fileEncoding = 4; lastKnownFileType = sourcecode.c.objc; path = ProgressBar.m; sourceTree = "<group>"; };
		2E4F66171A50F610008000E0 /* FriendBarView.h */ = {isa = PBXFileReference; fileEncoding = 4; lastKnownFileType = sourcecode.c.h; path = FriendBarView.h; sourceTree = "<group>"; };
		2E4F66181A50F610008000E0 /* FriendBarView.m */ = {isa = PBXFileReference; fileEncoding = 4; lastKnownFileType = sourcecode.c.objc; path = FriendBarView.m; sourceTree = "<group>"; };
		2EF4072E1A4A1287009C8BC6 /* On Tap.app */ = {isa = PBXFileReference; explicitFileType = wrapper.application; includeInIndex = 0; path = "On Tap.app"; sourceTree = BUILT_PRODUCTS_DIR; };
		2EF407321A4A1287009C8BC6 /* Info.plist */ = {isa = PBXFileReference; lastKnownFileType = text.plist.xml; path = Info.plist; sourceTree = "<group>"; };
		2EF407331A4A1287009C8BC6 /* main.m */ = {isa = PBXFileReference; lastKnownFileType = sourcecode.c.objc; path = main.m; sourceTree = "<group>"; };
		2EF407351A4A1287009C8BC6 /* AppDelegate.h */ = {isa = PBXFileReference; lastKnownFileType = sourcecode.c.h; path = AppDelegate.h; sourceTree = "<group>"; };
		2EF407361A4A1287009C8BC6 /* AppDelegate.m */ = {isa = PBXFileReference; lastKnownFileType = sourcecode.c.objc; path = AppDelegate.m; sourceTree = "<group>"; };
		2EF407391A4A1287009C8BC6 /* On_Tap.xcdatamodel */ = {isa = PBXFileReference; lastKnownFileType = wrapper.xcdatamodel; path = On_Tap.xcdatamodel; sourceTree = "<group>"; };
		2EF4073F1A4A1287009C8BC6 /* Base */ = {isa = PBXFileReference; lastKnownFileType = file.storyboard; name = Base; path = Base.lproj/Main.storyboard; sourceTree = "<group>"; };
		2EF407411A4A1287009C8BC6 /* Images.xcassets */ = {isa = PBXFileReference; lastKnownFileType = folder.assetcatalog; path = Images.xcassets; sourceTree = "<group>"; };
		2EF407441A4A1287009C8BC6 /* Base */ = {isa = PBXFileReference; lastKnownFileType = file.xib; name = Base; path = Base.lproj/LaunchScreen.xib; sourceTree = "<group>"; };
		2EF4074A1A4A1287009C8BC6 /* On TapTests.xctest */ = {isa = PBXFileReference; explicitFileType = wrapper.cfbundle; includeInIndex = 0; path = "On TapTests.xctest"; sourceTree = BUILT_PRODUCTS_DIR; };
		2EF4074F1A4A1287009C8BC6 /* Info.plist */ = {isa = PBXFileReference; lastKnownFileType = text.plist.xml; path = Info.plist; sourceTree = "<group>"; };
		2EF407501A4A1287009C8BC6 /* On_TapTests.m */ = {isa = PBXFileReference; lastKnownFileType = sourcecode.c.objc; path = On_TapTests.m; sourceTree = "<group>"; };
		2EF4075A1A4A131C009C8BC6 /* Bolts.framework */ = {isa = PBXFileReference; lastKnownFileType = wrapper.framework; name = Bolts.framework; path = ../Frameworks/Bolts.framework; sourceTree = "<group>"; };
		2EF4075B1A4A131C009C8BC6 /* FacebookSDK.framework */ = {isa = PBXFileReference; lastKnownFileType = wrapper.framework; name = FacebookSDK.framework; path = ../Frameworks/FacebookSDK.framework; sourceTree = "<group>"; };
		2EF4075C1A4A131C009C8BC6 /* Parse.framework */ = {isa = PBXFileReference; lastKnownFileType = wrapper.framework; name = Parse.framework; path = ../Frameworks/Parse.framework; sourceTree = "<group>"; };
		2EF4075D1A4A131C009C8BC6 /* ParseCrashReporting.framework */ = {isa = PBXFileReference; lastKnownFileType = wrapper.framework; name = ParseCrashReporting.framework; path = ../Frameworks/ParseCrashReporting.framework; sourceTree = "<group>"; };
		2EF4075E1A4A131C009C8BC6 /* ParseFacebookUtils.framework */ = {isa = PBXFileReference; lastKnownFileType = wrapper.framework; name = ParseFacebookUtils.framework; path = ../Frameworks/ParseFacebookUtils.framework; sourceTree = "<group>"; };
		2EF4075F1A4A131C009C8BC6 /* ParseUI.framework */ = {isa = PBXFileReference; lastKnownFileType = wrapper.framework; name = ParseUI.framework; path = ../Frameworks/ParseUI.framework; sourceTree = "<group>"; };
		2EF407671A4A172A009C8BC6 /* LoginViewController.h */ = {isa = PBXFileReference; fileEncoding = 4; lastKnownFileType = sourcecode.c.h; path = LoginViewController.h; sourceTree = "<group>"; };
		2EF407681A4A172A009C8BC6 /* LoginViewController.m */ = {isa = PBXFileReference; fileEncoding = 4; lastKnownFileType = sourcecode.c.objc; path = LoginViewController.m; sourceTree = "<group>"; };
		2EF4076A1A4A1776009C8BC6 /* StoreKit.framework */ = {isa = PBXFileReference; lastKnownFileType = wrapper.framework; name = StoreKit.framework; path = System/Library/Frameworks/StoreKit.framework; sourceTree = SDKROOT; };
		2EF4076C1A4A1781009C8BC6 /* CoreLocation.framework */ = {isa = PBXFileReference; lastKnownFileType = wrapper.framework; name = CoreLocation.framework; path = System/Library/Frameworks/CoreLocation.framework; sourceTree = SDKROOT; };
		2EF4076E1A4A17AF009C8BC6 /* libz.dylib */ = {isa = PBXFileReference; lastKnownFileType = "compiled.mach-o.dylib"; name = libz.dylib; path = usr/lib/libz.dylib; sourceTree = SDKROOT; };
		2EF407701A4A17B8009C8BC6 /* AudioToolbox.framework */ = {isa = PBXFileReference; lastKnownFileType = wrapper.framework; name = AudioToolbox.framework; path = System/Library/Frameworks/AudioToolbox.framework; sourceTree = SDKROOT; };
		2EF407721A4A17BE009C8BC6 /* CFNetwork.framework */ = {isa = PBXFileReference; lastKnownFileType = wrapper.framework; name = CFNetwork.framework; path = System/Library/Frameworks/CFNetwork.framework; sourceTree = SDKROOT; };
		2EF407741A4A17C9009C8BC6 /* MobileCoreServices.framework */ = {isa = PBXFileReference; lastKnownFileType = wrapper.framework; name = MobileCoreServices.framework; path = System/Library/Frameworks/MobileCoreServices.framework; sourceTree = SDKROOT; };
		2EF407761A4A17D2009C8BC6 /* QuartzCore.framework */ = {isa = PBXFileReference; lastKnownFileType = wrapper.framework; name = QuartzCore.framework; path = System/Library/Frameworks/QuartzCore.framework; sourceTree = SDKROOT; };
		2EF407781A4A17D8009C8BC6 /* Security.framework */ = {isa = PBXFileReference; lastKnownFileType = wrapper.framework; name = Security.framework; path = System/Library/Frameworks/Security.framework; sourceTree = SDKROOT; };
		2EF4077A1A4A17E2009C8BC6 /* SystemConfiguration.framework */ = {isa = PBXFileReference; lastKnownFileType = wrapper.framework; name = SystemConfiguration.framework; path = System/Library/Frameworks/SystemConfiguration.framework; sourceTree = SDKROOT; };
		2EF4077C1A4A18B0009C8BC6 /* libsqlite3.dylib */ = {isa = PBXFileReference; lastKnownFileType = "compiled.mach-o.dylib"; name = libsqlite3.dylib; path = usr/lib/libsqlite3.dylib; sourceTree = SDKROOT; };
		2EF4077E1A4A30A1009C8BC6 /* OTConstants.h */ = {isa = PBXFileReference; fileEncoding = 4; lastKnownFileType = sourcecode.c.h; path = OTConstants.h; sourceTree = "<group>"; };
		2EF4077F1A4A30A1009C8BC6 /* OTConstants.m */ = {isa = PBXFileReference; fileEncoding = 4; lastKnownFileType = sourcecode.c.objc; path = OTConstants.m; sourceTree = "<group>"; };
		2EF407811A4A35DC009C8BC6 /* WhyFacebookTableViewController.h */ = {isa = PBXFileReference; fileEncoding = 4; lastKnownFileType = sourcecode.c.h; path = WhyFacebookTableViewController.h; sourceTree = "<group>"; };
		2EF407821A4A35DC009C8BC6 /* WhyFacebookTableViewController.m */ = {isa = PBXFileReference; fileEncoding = 4; lastKnownFileType = sourcecode.c.objc; path = WhyFacebookTableViewController.m; sourceTree = "<group>"; };
/* End PBXFileReference section */

/* Begin PBXFrameworksBuildPhase section */
		2EF4072B1A4A1287009C8BC6 /* Frameworks */ = {
			isa = PBXFrameworksBuildPhase;
			buildActionMask = 2147483647;
			files = (
				2EF4077D1A4A18B0009C8BC6 /* libsqlite3.dylib in Frameworks */,
				2EF4077B1A4A17E2009C8BC6 /* SystemConfiguration.framework in Frameworks */,
				2EF407791A4A17D8009C8BC6 /* Security.framework in Frameworks */,
				2EF407771A4A17D2009C8BC6 /* QuartzCore.framework in Frameworks */,
				2EF407751A4A17C9009C8BC6 /* MobileCoreServices.framework in Frameworks */,
				2EF407731A4A17BE009C8BC6 /* CFNetwork.framework in Frameworks */,
				2EF407711A4A17B8009C8BC6 /* AudioToolbox.framework in Frameworks */,
				2EF4076F1A4A17AF009C8BC6 /* libz.dylib in Frameworks */,
				2EF4076D1A4A1781009C8BC6 /* CoreLocation.framework in Frameworks */,
				2EF4076B1A4A1776009C8BC6 /* StoreKit.framework in Frameworks */,
				2EF407651A4A131C009C8BC6 /* ParseUI.framework in Frameworks */,
				2EF407601A4A131C009C8BC6 /* Bolts.framework in Frameworks */,
				2EF407621A4A131C009C8BC6 /* Parse.framework in Frameworks */,
				2EF407611A4A131C009C8BC6 /* FacebookSDK.framework in Frameworks */,
				2EF407641A4A131C009C8BC6 /* ParseFacebookUtils.framework in Frameworks */,
				2EF407631A4A131C009C8BC6 /* ParseCrashReporting.framework in Frameworks */,
			);
			runOnlyForDeploymentPostprocessing = 0;
		};
		2EF407471A4A1287009C8BC6 /* Frameworks */ = {
			isa = PBXFrameworksBuildPhase;
			buildActionMask = 2147483647;
			files = (
			);
			runOnlyForDeploymentPostprocessing = 0;
		};
/* End PBXFrameworksBuildPhase section */

/* Begin PBXGroup section */
		2E2AA3471A4A619B006DC980 /* Images */ = {
			isa = PBXGroup;
			children = (
				2E2AA3671A4A8297006DC980 /* bars */,
				2E2AA3511A4A7698006DC980 /* locationHighlightedIcon.png */,
				2E2AA3521A4A7698006DC980 /* locationHighlightedIcon@2x.png */,
				2E2AA3531A4A7698006DC980 /* locationHighlightedIcon@3x.png */,
				2E2AA3481A4A67BC006DC980 /* profileIcon.png */,
				2E2AA3491A4A67BC006DC980 /* profileIcon@2x.png */,
				2E2AA34A1A4A67BC006DC980 /* profileIcon@3x.png */,
				2E2AA3411A4A6194006DC980 /* locationIcon.png */,
				2E2AA3421A4A6194006DC980 /* locationIcon@2x.png */,
				2E2AA3431A4A6194006DC980 /* locationIcon@3x.png */,
			);
			name = Images;
			sourceTree = "<group>";
		};
		2E2AA3671A4A8297006DC980 /* bars */ = {
			isa = PBXGroup;
			children = (
				2E2AA3681A4A8760006DC980 /* brothers.png */,
				2E2AA3691A4A8760006DC980 /* brothers@2x.png */,
				2E2AA36A1A4A8760006DC980 /* brothers@3x.png */,
				2E2AA36B1A4A8760006DC980 /* clybourne.png */,
				2E2AA36C1A4A8760006DC980 /* clybourne@2x.png */,
				2E2AA36D1A4A8760006DC980 /* clybourne@3x.png */,
				2E2AA36E1A4A8760006DC980 /* firehaus.png */,
				2E2AA36F1A4A8760006DC980 /* firehaus@2x.png */,
				2E2AA3701A4A8760006DC980 /* firehaus@3x.png */,
				2E2AA3711A4A8760006DC980 /* joes.png */,
				2E2AA3721A4A8760006DC980 /* joes@2x.png */,
				2E2AA3731A4A8760006DC980 /* joes@3x.png */,
				2E2AA3741A4A8760006DC980 /* legends.png */,
				2E2AA3751A4A8760006DC980 /* legends@2x.png */,
				2E2AA3761A4A8760006DC980 /* legends@3x.png */,
				2E2AA3771A4A8760006DC980 /* murphys.png */,
				2E2AA3781A4A8760006DC980 /* murphys@2x.png */,
				2E2AA3791A4A8760006DC980 /* murphys@3x.png */,
				2E2AA37A1A4A8760006DC980 /* redlion.png */,
				2E2AA37B1A4A8760006DC980 /* redlion@2x.png */,
				2E2AA37C1A4A8760006DC980 /* redlion@3x.png */,
				2E2AA37D1A4A8760006DC980 /* whitehorse.png */,
				2E2AA37E1A4A8760006DC980 /* whitehorse@2x.png */,
				2E2AA37F1A4A8760006DC980 /* whitehorse@3x.png */,
			);
			name = bars;
			sourceTree = "<group>";
		};
		2E2AA39B1A4A8B34006DC980 /* Views */ = {
			isa = PBXGroup;
			children = (
				2E2AA34E1A4A6A4E006DC980 /* LocationView.h */,
				2E2AA34F1A4A6A4E006DC980 /* LocationView.m */,
				2E2AA39D1A4A8CEA006DC980 /* ProgressBar.h */,
				2E2AA39E1A4A8CEA006DC980 /* ProgressBar.m */,
				2E2AA3981A4A8B2F006DC980 /* BarTableViewCell.h */,
				2E2AA3991A4A8B2F006DC980 /* BarTableViewCell.m */,
				2E4F66171A50F610008000E0 /* FriendBarView.h */,
				2E4F66181A50F610008000E0 /* FriendBarView.m */,
			);
			name = Views;
			sourceTree = "<group>";
		};
		2E2AA39C1A4A8BFC006DC980 /* Controllers */ = {
			isa = PBXGroup;
			children = (
				2EF407671A4A172A009C8BC6 /* LoginViewController.h */,
				2EF407681A4A172A009C8BC6 /* LoginViewController.m */,
				2E2AA33E1A4A5E29006DC980 /* ProfileTableViewController.h */,
				2E2AA33F1A4A5E29006DC980 /* ProfileTableViewController.m */,
				2E2AA33B1A4A5E0C006DC980 /* HomeViewController.h */,
				2E2AA33C1A4A5E0C006DC980 /* HomeViewController.m */,
				2EF407811A4A35DC009C8BC6 /* WhyFacebookTableViewController.h */,
				2EF407821A4A35DC009C8BC6 /* WhyFacebookTableViewController.m */,
			);
			name = Controllers;
			sourceTree = "<group>";
		};
		2EF407251A4A1287009C8BC6 = {
			isa = PBXGroup;
			children = (
				2E2AA3471A4A619B006DC980 /* Images */,
				2EF407661A4A1326009C8BC6 /* Frameworks */,
				2EF407301A4A1287009C8BC6 /* On Tap */,
				2EF4074D1A4A1287009C8BC6 /* On TapTests */,
				2EF4072F1A4A1287009C8BC6 /* Products */,
			);
			sourceTree = "<group>";
		};
		2EF4072F1A4A1287009C8BC6 /* Products */ = {
			isa = PBXGroup;
			children = (
				2EF4072E1A4A1287009C8BC6 /* On Tap.app */,
				2EF4074A1A4A1287009C8BC6 /* On TapTests.xctest */,
			);
			name = Products;
			sourceTree = "<group>";
		};
		2EF407301A4A1287009C8BC6 /* On Tap */ = {
			isa = PBXGroup;
			children = (
				2EF4073E1A4A1287009C8BC6 /* Main.storyboard */,
				2EF407351A4A1287009C8BC6 /* AppDelegate.h */,
				2EF407361A4A1287009C8BC6 /* AppDelegate.m */,
				2EF4077E1A4A30A1009C8BC6 /* OTConstants.h */,
				2EF4077F1A4A30A1009C8BC6 /* OTConstants.m */,
				2E2AA39C1A4A8BFC006DC980 /* Controllers */,
				2E2AA39B1A4A8B34006DC980 /* Views */,
				2EF407411A4A1287009C8BC6 /* Images.xcassets */,
				2EF407431A4A1287009C8BC6 /* LaunchScreen.xib */,
				2EF407381A4A1287009C8BC6 /* On_Tap.xcdatamodeld */,
				2EF407311A4A1287009C8BC6 /* Supporting Files */,
			);
			path = "On Tap";
			sourceTree = "<group>";
		};
		2EF407311A4A1287009C8BC6 /* Supporting Files */ = {
			isa = PBXGroup;
			children = (
				2EF407321A4A1287009C8BC6 /* Info.plist */,
				2EF407331A4A1287009C8BC6 /* main.m */,
			);
			name = "Supporting Files";
			sourceTree = "<group>";
		};
		2EF4074D1A4A1287009C8BC6 /* On TapTests */ = {
			isa = PBXGroup;
			children = (
				2EF407501A4A1287009C8BC6 /* On_TapTests.m */,
				2EF4074E1A4A1287009C8BC6 /* Supporting Files */,
			);
			path = "On TapTests";
			sourceTree = "<group>";
		};
		2EF4074E1A4A1287009C8BC6 /* Supporting Files */ = {
			isa = PBXGroup;
			children = (
				2EF4074F1A4A1287009C8BC6 /* Info.plist */,
			);
			name = "Supporting Files";
			sourceTree = "<group>";
		};
		2EF407661A4A1326009C8BC6 /* Frameworks */ = {
			isa = PBXGroup;
			children = (
				2EF4077C1A4A18B0009C8BC6 /* libsqlite3.dylib */,
				2EF4077A1A4A17E2009C8BC6 /* SystemConfiguration.framework */,
				2EF407781A4A17D8009C8BC6 /* Security.framework */,
				2EF407761A4A17D2009C8BC6 /* QuartzCore.framework */,
				2EF407741A4A17C9009C8BC6 /* MobileCoreServices.framework */,
				2EF407721A4A17BE009C8BC6 /* CFNetwork.framework */,
				2EF407701A4A17B8009C8BC6 /* AudioToolbox.framework */,
				2EF4076E1A4A17AF009C8BC6 /* libz.dylib */,
				2EF4076C1A4A1781009C8BC6 /* CoreLocation.framework */,
				2EF4076A1A4A1776009C8BC6 /* StoreKit.framework */,
				2EF4075A1A4A131C009C8BC6 /* Bolts.framework */,
				2EF4075B1A4A131C009C8BC6 /* FacebookSDK.framework */,
				2EF4075C1A4A131C009C8BC6 /* Parse.framework */,
				2EF4075D1A4A131C009C8BC6 /* ParseCrashReporting.framework */,
				2EF4075E1A4A131C009C8BC6 /* ParseFacebookUtils.framework */,
				2EF4075F1A4A131C009C8BC6 /* ParseUI.framework */,
			);
			name = Frameworks;
			sourceTree = "<group>";
		};
/* End PBXGroup section */

/* Begin PBXNativeTarget section */
		2EF4072D1A4A1287009C8BC6 /* On Tap */ = {
			isa = PBXNativeTarget;
			buildConfigurationList = 2EF407541A4A1287009C8BC6 /* Build configuration list for PBXNativeTarget "On Tap" */;
			buildPhases = (
				2EF4072A1A4A1287009C8BC6 /* Sources */,
				2EF4072B1A4A1287009C8BC6 /* Frameworks */,
				2EF4072C1A4A1287009C8BC6 /* Resources */,
			);
			buildRules = (
			);
			dependencies = (
			);
			name = "On Tap";
			productName = "On Tap";
			productReference = 2EF4072E1A4A1287009C8BC6 /* On Tap.app */;
			productType = "com.apple.product-type.application";
		};
		2EF407491A4A1287009C8BC6 /* On TapTests */ = {
			isa = PBXNativeTarget;
			buildConfigurationList = 2EF407571A4A1287009C8BC6 /* Build configuration list for PBXNativeTarget "On TapTests" */;
			buildPhases = (
				2EF407461A4A1287009C8BC6 /* Sources */,
				2EF407471A4A1287009C8BC6 /* Frameworks */,
				2EF407481A4A1287009C8BC6 /* Resources */,
			);
			buildRules = (
			);
			dependencies = (
				2EF4074C1A4A1287009C8BC6 /* PBXTargetDependency */,
			);
			name = "On TapTests";
			productName = "On TapTests";
			productReference = 2EF4074A1A4A1287009C8BC6 /* On TapTests.xctest */;
			productType = "com.apple.product-type.bundle.unit-test";
		};
/* End PBXNativeTarget section */

/* Begin PBXProject section */
		2EF407261A4A1287009C8BC6 /* Project object */ = {
			isa = PBXProject;
			attributes = {
				LastUpgradeCheck = 0610;
				ORGANIZATIONNAME = "John Arendt";
				TargetAttributes = {
					2EF4072D1A4A1287009C8BC6 = {
						CreatedOnToolsVersion = 6.1.1;
						DevelopmentTeam = 35RV9RPQY7;
					};
					2EF407491A4A1287009C8BC6 = {
						CreatedOnToolsVersion = 6.1.1;
						TestTargetID = 2EF4072D1A4A1287009C8BC6;
					};
				};
			};
			buildConfigurationList = 2EF407291A4A1287009C8BC6 /* Build configuration list for PBXProject "On Tap" */;
			compatibilityVersion = "Xcode 3.2";
			developmentRegion = English;
			hasScannedForEncodings = 0;
			knownRegions = (
				en,
				Base,
			);
			mainGroup = 2EF407251A4A1287009C8BC6;
			productRefGroup = 2EF4072F1A4A1287009C8BC6 /* Products */;
			projectDirPath = "";
			projectRoot = "";
			targets = (
				2EF4072D1A4A1287009C8BC6 /* On Tap */,
				2EF407491A4A1287009C8BC6 /* On TapTests */,
			);
		};
/* End PBXProject section */

/* Begin PBXResourcesBuildPhase section */
		2EF4072C1A4A1287009C8BC6 /* Resources */ = {
			isa = PBXResourcesBuildPhase;
			buildActionMask = 2147483647;
			files = (
				2EF407401A4A1287009C8BC6 /* Main.storyboard in Resources */,
				2E2AA3971A4A8760006DC980 /* whitehorse@3x.png in Resources */,
				2E2AA3881A4A8760006DC980 /* firehaus@3x.png in Resources */,
				2E2AA34C1A4A67BC006DC980 /* profileIcon@2x.png in Resources */,
				2E2AA3801A4A8760006DC980 /* brothers.png in Resources */,
				2E2AA3451A4A6194006DC980 /* locationIcon@2x.png in Resources */,
				2E2AA3561A4A7698006DC980 /* locationHighlightedIcon@3x.png in Resources */,
				2E2AA3441A4A6194006DC980 /* locationIcon.png in Resources */,
				2E2AA3961A4A8760006DC980 /* whitehorse@2x.png in Resources */,
				2E2AA34B1A4A67BC006DC980 /* profileIcon.png in Resources */,
				2E2AA3931A4A8760006DC980 /* redlion@2x.png in Resources */,
				2E2AA3941A4A8760006DC980 /* redlion@3x.png in Resources */,
				2EF407451A4A1287009C8BC6 /* LaunchScreen.xib in Resources */,
				2E2AA3861A4A8760006DC980 /* firehaus.png in Resources */,
				2E2AA38F1A4A8760006DC980 /* murphys.png in Resources */,
				2E2AA3951A4A8760006DC980 /* whitehorse.png in Resources */,
				2E2AA38C1A4A8760006DC980 /* legends.png in Resources */,
				2EF407421A4A1287009C8BC6 /* Images.xcassets in Resources */,
				2E2AA38E1A4A8760006DC980 /* legends@3x.png in Resources */,
				2E2AA3911A4A8760006DC980 /* murphys@3x.png in Resources */,
				2E2AA3831A4A8760006DC980 /* clybourne.png in Resources */,
				2E2AA3551A4A7698006DC980 /* locationHighlightedIcon@2x.png in Resources */,
				2E2AA3821A4A8760006DC980 /* brothers@3x.png in Resources */,
				2E2AA38A1A4A8760006DC980 /* joes@2x.png in Resources */,
				2E2AA3841A4A8760006DC980 /* clybourne@2x.png in Resources */,
				2E2AA3921A4A8760006DC980 /* redlion.png in Resources */,
				2E2AA3541A4A7698006DC980 /* locationHighlightedIcon.png in Resources */,
				2E2AA3461A4A6194006DC980 /* locationIcon@3x.png in Resources */,
				2E2AA3811A4A8760006DC980 /* brothers@2x.png in Resources */,
				2E2AA3901A4A8760006DC980 /* murphys@2x.png in Resources */,
				2E2AA38B1A4A8760006DC980 /* joes@3x.png in Resources */,
				2E2AA3851A4A8760006DC980 /* clybourne@3x.png in Resources */,
				2E2AA38D1A4A8760006DC980 /* legends@2x.png in Resources */,
				2E2AA3891A4A8760006DC980 /* joes.png in Resources */,
				2E2AA34D1A4A67BC006DC980 /* profileIcon@3x.png in Resources */,
				2E2AA3871A4A8760006DC980 /* firehaus@2x.png in Resources */,
			);
			runOnlyForDeploymentPostprocessing = 0;
		};
		2EF407481A4A1287009C8BC6 /* Resources */ = {
			isa = PBXResourcesBuildPhase;
			buildActionMask = 2147483647;
			files = (
			);
			runOnlyForDeploymentPostprocessing = 0;
		};
/* End PBXResourcesBuildPhase section */

/* Begin PBXSourcesBuildPhase section */
		2EF4072A1A4A1287009C8BC6 /* Sources */ = {
			isa = PBXSourcesBuildPhase;
			buildActionMask = 2147483647;
			files = (
				2EF407831A4A35DC009C8BC6 /* WhyFacebookTableViewController.m in Sources */,
				2EF407801A4A30A1009C8BC6 /* OTConstants.m in Sources */,
				2E4F66191A50F610008000E0 /* FriendBarView.m in Sources */,
				2EF407691A4A172A009C8BC6 /* LoginViewController.m in Sources */,
				2E2AA39A1A4A8B2F006DC980 /* BarTableViewCell.m in Sources */,
				2E2AA39F1A4A8CEA006DC980 /* ProgressBar.m in Sources */,
				2EF407371A4A1287009C8BC6 /* AppDelegate.m in Sources */,
				2EF407341A4A1287009C8BC6 /* main.m in Sources */,
				2E2AA33D1A4A5E0C006DC980 /* HomeViewController.m in Sources */,
				2E2AA3501A4A6A4E006DC980 /* LocationView.m in Sources */,
				2EF4073A1A4A1287009C8BC6 /* On_Tap.xcdatamodeld in Sources */,
				2E2AA3401A4A5E29006DC980 /* ProfileTableViewController.m in Sources */,
			);
			runOnlyForDeploymentPostprocessing = 0;
		};
		2EF407461A4A1287009C8BC6 /* Sources */ = {
			isa = PBXSourcesBuildPhase;
			buildActionMask = 2147483647;
			files = (
				2EF407511A4A1287009C8BC6 /* On_TapTests.m in Sources */,
			);
			runOnlyForDeploymentPostprocessing = 0;
		};
/* End PBXSourcesBuildPhase section */

/* Begin PBXTargetDependency section */
		2EF4074C1A4A1287009C8BC6 /* PBXTargetDependency */ = {
			isa = PBXTargetDependency;
			target = 2EF4072D1A4A1287009C8BC6 /* On Tap */;
			targetProxy = 2EF4074B1A4A1287009C8BC6 /* PBXContainerItemProxy */;
		};
/* End PBXTargetDependency section */

/* Begin PBXVariantGroup section */
		2EF4073E1A4A1287009C8BC6 /* Main.storyboard */ = {
			isa = PBXVariantGroup;
			children = (
				2EF4073F1A4A1287009C8BC6 /* Base */,
			);
			name = Main.storyboard;
			sourceTree = "<group>";
		};
		2EF407431A4A1287009C8BC6 /* LaunchScreen.xib */ = {
			isa = PBXVariantGroup;
			children = (
				2EF407441A4A1287009C8BC6 /* Base */,
			);
			name = LaunchScreen.xib;
			sourceTree = "<group>";
		};
/* End PBXVariantGroup section */

/* Begin XCBuildConfiguration section */
		2EF407521A4A1287009C8BC6 /* Debug */ = {
			isa = XCBuildConfiguration;
			buildSettings = {
				ALWAYS_SEARCH_USER_PATHS = NO;
				CLANG_CXX_LANGUAGE_STANDARD = "gnu++0x";
				CLANG_CXX_LIBRARY = "libc++";
				CLANG_ENABLE_MODULES = YES;
				CLANG_ENABLE_OBJC_ARC = YES;
				CLANG_WARN_BOOL_CONVERSION = YES;
				CLANG_WARN_CONSTANT_CONVERSION = YES;
				CLANG_WARN_DIRECT_OBJC_ISA_USAGE = YES_ERROR;
				CLANG_WARN_EMPTY_BODY = YES;
				CLANG_WARN_ENUM_CONVERSION = YES;
				CLANG_WARN_INT_CONVERSION = YES;
				CLANG_WARN_OBJC_ROOT_CLASS = YES_ERROR;
				CLANG_WARN_UNREACHABLE_CODE = YES;
				CLANG_WARN__DUPLICATE_METHOD_MATCH = YES;
				"CODE_SIGN_IDENTITY[sdk=iphoneos*]" = "iPhone Developer";
				COPY_PHASE_STRIP = NO;
				ENABLE_STRICT_OBJC_MSGSEND = YES;
				GCC_C_LANGUAGE_STANDARD = gnu99;
				GCC_DYNAMIC_NO_PIC = NO;
				GCC_OPTIMIZATION_LEVEL = 0;
				GCC_PREPROCESSOR_DEFINITIONS = (
					"DEBUG=1",
					"$(inherited)",
				);
				GCC_SYMBOLS_PRIVATE_EXTERN = NO;
				GCC_WARN_64_TO_32_BIT_CONVERSION = YES;
				GCC_WARN_ABOUT_RETURN_TYPE = YES_ERROR;
				GCC_WARN_UNDECLARED_SELECTOR = YES;
				GCC_WARN_UNINITIALIZED_AUTOS = YES_AGGRESSIVE;
				GCC_WARN_UNUSED_FUNCTION = YES;
				GCC_WARN_UNUSED_VARIABLE = YES;
				IPHONEOS_DEPLOYMENT_TARGET = 8.1;
				MTL_ENABLE_DEBUG_INFO = YES;
				ONLY_ACTIVE_ARCH = YES;
				SDKROOT = iphoneos;
			};
			name = Debug;
		};
		2EF407531A4A1287009C8BC6 /* Release */ = {
			isa = XCBuildConfiguration;
			buildSettings = {
				ALWAYS_SEARCH_USER_PATHS = NO;
				CLANG_CXX_LANGUAGE_STANDARD = "gnu++0x";
				CLANG_CXX_LIBRARY = "libc++";
				CLANG_ENABLE_MODULES = YES;
				CLANG_ENABLE_OBJC_ARC = YES;
				CLANG_WARN_BOOL_CONVERSION = YES;
				CLANG_WARN_CONSTANT_CONVERSION = YES;
				CLANG_WARN_DIRECT_OBJC_ISA_USAGE = YES_ERROR;
				CLANG_WARN_EMPTY_BODY = YES;
				CLANG_WARN_ENUM_CONVERSION = YES;
				CLANG_WARN_INT_CONVERSION = YES;
				CLANG_WARN_OBJC_ROOT_CLASS = YES_ERROR;
				CLANG_WARN_UNREACHABLE_CODE = YES;
				CLANG_WARN__DUPLICATE_METHOD_MATCH = YES;
				"CODE_SIGN_IDENTITY[sdk=iphoneos*]" = "iPhone Developer";
				COPY_PHASE_STRIP = YES;
				ENABLE_NS_ASSERTIONS = NO;
				ENABLE_STRICT_OBJC_MSGSEND = YES;
				GCC_C_LANGUAGE_STANDARD = gnu99;
				GCC_WARN_64_TO_32_BIT_CONVERSION = YES;
				GCC_WARN_ABOUT_RETURN_TYPE = YES_ERROR;
				GCC_WARN_UNDECLARED_SELECTOR = YES;
				GCC_WARN_UNINITIALIZED_AUTOS = YES_AGGRESSIVE;
				GCC_WARN_UNUSED_FUNCTION = YES;
				GCC_WARN_UNUSED_VARIABLE = YES;
				IPHONEOS_DEPLOYMENT_TARGET = 8.1;
				MTL_ENABLE_DEBUG_INFO = NO;
				SDKROOT = iphoneos;
				VALIDATE_PRODUCT = YES;
			};
			name = Release;
		};
		2EF407551A4A1287009C8BC6 /* Debug */ = {
			isa = XCBuildConfiguration;
			buildSettings = {
				ASSETCATALOG_COMPILER_APPICON_NAME = AppIcon;
				CODE_SIGN_IDENTITY = "iPhone Developer";
				"CODE_SIGN_IDENTITY[sdk=iphoneos*]" = "iPhone Developer";
				FRAMEWORK_SEARCH_PATHS = (
					"$(inherited)",
					/Users/jackarendt/Documents/on_tap/Frameworks,
				);
				INFOPLIST_FILE = "On Tap/Info.plist";
				LD_RUNPATH_SEARCH_PATHS = "$(inherited) @executable_path/Frameworks";
				PRODUCT_NAME = "$(TARGET_NAME)";
				PROVISIONING_PROFILE = "";
			};
			name = Debug;
		};
		2EF407561A4A1287009C8BC6 /* Release */ = {
			isa = XCBuildConfiguration;
			buildSettings = {
				ASSETCATALOG_COMPILER_APPICON_NAME = AppIcon;
				CODE_SIGN_IDENTITY = "iPhone Developer";
				"CODE_SIGN_IDENTITY[sdk=iphoneos*]" = "iPhone Developer";
				FRAMEWORK_SEARCH_PATHS = (
					"$(inherited)",
					/Users/jackarendt/Documents/on_tap/Frameworks,
				);
				INFOPLIST_FILE = "On Tap/Info.plist";
				LD_RUNPATH_SEARCH_PATHS = "$(inherited) @executable_path/Frameworks";
				PRODUCT_NAME = "$(TARGET_NAME)";
				PROVISIONING_PROFILE = "";
			};
			name = Release;
		};
		2EF407581A4A1287009C8BC6 /* Debug */ = {
			isa = XCBuildConfiguration;
			buildSettings = {
				BUNDLE_LOADER = "$(TEST_HOST)";
				FRAMEWORK_SEARCH_PATHS = (
					"$(SDKROOT)/Developer/Library/Frameworks",
					"$(inherited)",
				);
				GCC_PREPROCESSOR_DEFINITIONS = (
					"DEBUG=1",
					"$(inherited)",
				);
				INFOPLIST_FILE = "On TapTests/Info.plist";
				LD_RUNPATH_SEARCH_PATHS = "$(inherited) @executable_path/Frameworks @loader_path/Frameworks";
				PRODUCT_NAME = "$(TARGET_NAME)";
				TEST_HOST = "$(BUILT_PRODUCTS_DIR)/On Tap.app/On Tap";
			};
			name = Debug;
		};
		2EF407591A4A1287009C8BC6 /* Release */ = {
			isa = XCBuildConfiguration;
			buildSettings = {
				BUNDLE_LOADER = "$(TEST_HOST)";
				FRAMEWORK_SEARCH_PATHS = (
					"$(SDKROOT)/Developer/Library/Frameworks",
					"$(inherited)",
				);
				INFOPLIST_FILE = "On TapTests/Info.plist";
				LD_RUNPATH_SEARCH_PATHS = "$(inherited) @executable_path/Frameworks @loader_path/Frameworks";
				PRODUCT_NAME = "$(TARGET_NAME)";
				TEST_HOST = "$(BUILT_PRODUCTS_DIR)/On Tap.app/On Tap";
			};
			name = Release;
		};
/* End XCBuildConfiguration section */

/* Begin XCConfigurationList section */
		2EF407291A4A1287009C8BC6 /* Build configuration list for PBXProject "On Tap" */ = {
			isa = XCConfigurationList;
			buildConfigurations = (
				2EF407521A4A1287009C8BC6 /* Debug */,
				2EF407531A4A1287009C8BC6 /* Release */,
			);
			defaultConfigurationIsVisible = 0;
			defaultConfigurationName = Release;
		};
		2EF407541A4A1287009C8BC6 /* Build configuration list for PBXNativeTarget "On Tap" */ = {
			isa = XCConfigurationList;
			buildConfigurations = (
				2EF407551A4A1287009C8BC6 /* Debug */,
				2EF407561A4A1287009C8BC6 /* Release */,
			);
			defaultConfigurationIsVisible = 0;
			defaultConfigurationName = Release;
		};
		2EF407571A4A1287009C8BC6 /* Build configuration list for PBXNativeTarget "On TapTests" */ = {
			isa = XCConfigurationList;
			buildConfigurations = (
				2EF407581A4A1287009C8BC6 /* Debug */,
				2EF407591A4A1287009C8BC6 /* Release */,
			);
			defaultConfigurationIsVisible = 0;
			defaultConfigurationName = Release;
		};
/* End XCConfigurationList section */

/* Begin XCVersionGroup section */
		2EF407381A4A1287009C8BC6 /* On_Tap.xcdatamodeld */ = {
			isa = XCVersionGroup;
			children = (
				2EF407391A4A1287009C8BC6 /* On_Tap.xcdatamodel */,
			);
			currentVersion = 2EF407391A4A1287009C8BC6 /* On_Tap.xcdatamodel */;
			path = On_Tap.xcdatamodeld;
			sourceTree = "<group>";
			versionGroupType = wrapper.xcdatamodel;
		};
/* End XCVersionGroup section */
	};
	rootObject = 2EF407261A4A1287009C8BC6 /* Project object */;
}
